<?xml version="1.0" encoding="utf-8"?>
<Project ToolsVersion="4.0" xmlns="http://schemas.microsoft.com/developer/msbuild/2003">
  <ItemGroup>
    <Filter Include="Source Files">
      <UniqueIdentifier>{4FC737F1-C7A5-4376-A066-2A32D752A2FF}</UniqueIdentifier>
      <Extensions>qml;cpp;c;cc;cxx;def;odl;idl;hpj;bat;asm;asmx</Extensions>
    </Filter>
    <Filter Include="Header Files">
      <UniqueIdentifier>{93995380-89BD-4b04-88EB-625FBE52EBFB}</UniqueIdentifier>
      <Extensions>h;hh;hpp;hxx;hm;inl;inc;xsd</Extensions>
    </Filter>
    <Filter Include="Resource Files">
      <UniqueIdentifier>{67DA6AB6-F800-4c08-8B7A-83BB121AAD01}</UniqueIdentifier>
      <Extensions>qrc;rc;ico;cur;bmp;dlg;rc2;rct;bin;rgs;gif;jpg;jpeg;jpe;resx;tiff;tif;png;wav;mfcribbon-ms</Extensions>
    </Filter>
    <Filter Include="Form Files">
      <UniqueIdentifier>{99349809-55BA-4b9d-BF79-8FDBB0286EB3}</UniqueIdentifier>
      <Extensions>ui</Extensions>
    </Filter>
    <Filter Include="Translation Files">
      <UniqueIdentifier>{639EADAA-A684-42e4-A9AD-28FC9BCB8F7C}</UniqueIdentifier>
      <Extensions>ts</Extensions>
    </Filter>
  </ItemGroup>
  <ItemGroup>
    <QtRcc Include="myQtproject.qrc">
      <Filter>Resource Files</Filter>
    </QtRcc>
    <QtUic Include="myQtproject.ui">
      <Filter>Form Files</Filter>
    </QtUic>
  </ItemGroup>
  <ItemGroup>
    <ClCompile Include="main.cpp">
      <Filter>Source Files</Filter>
    </ClCompile>
    <ClCompile Include="core\command\add_link_command.cpp">
      <Filter>Source Files</Filter>
    </ClCompile>
    <ClCompile Include="core\command\add_node_command.cpp">
      <Filter>Source Files</Filter>
    </ClCompile>
    <ClCompile Include="core\command\delete_link_command.cpp">
      <Filter>Source Files</Filter>
    </ClCompile>
    <ClCompile Include="core\command\delete_node_command.cpp">
      <Filter>Source Files</Filter>
    </ClCompile>
    <ClCompile Include="core\command\edit_node_command.cpp">
      <Filter>Source Files</Filter>
    </ClCompile>
    <ClCompile Include="core\command\move_node_command.cpp">
      <Filter>Source Files</Filter>
    </ClCompile>
    <ClCompile Include="core\command\undo_manager.cpp">
      <Filter>Source Files</Filter>
    </ClCompile>
    <ClCompile Include="core\serialization\war_room_model_serialization.cpp">
      <Filter>Source Files</Filter>
    </ClCompile>
    <ClCompile Include="core\warroom\war_room_model.cpp">
      <Filter>Source Files</Filter>
    </ClCompile>
    <ClCompile Include="ui\ConnectionAnchor.cpp">
      <Filter>Source Files</Filter>
    </ClCompile>
    <ClCompile Include="ui\LinkCreationManager.cpp">
      <Filter>Source Files</Filter>
    </ClCompile>
    <ClCompile Include="ui\LinkGraphicsItem.cpp">
      <Filter>Source Files</Filter>
    </ClCompile>
    <ClCompile Include="ui\NodeGraphicsItem.cpp">
      <Filter>Source Files</Filter>
    </ClCompile>
    <ClCompile Include="ui\TempConnectionItem.cpp">
      <Filter>Source Files</Filter>
    </ClCompile>
    <ClCompile Include="ui\WarRoomMainWindow.cpp">
      <Filter>Source Files</Filter>
    </ClCompile>
    <ClCompile Include="core\command\resize_node_command.cpp">
      <Filter>Source Files</Filter>
    </ClCompile>
    <ClCompile Include="ui\CustomTextEdit.cpp">
      <Filter>Source Files</Filter>
    </ClCompile>
    <ClCompile Include="test_main.cpp">
      <Filter>Source Files</Filter>
    </ClCompile>
  </ItemGroup>
  <ItemGroup>
    <ClInclude Include="core\command\add_link_command.h">
      <Filter>Header Files</Filter>
    </ClInclude>
    <ClInclude Include="core\command\add_node_command.h">
      <Filter>Header Files</Filter>
    </ClInclude>
    <ClInclude Include="core\command\command.h">
      <Filter>Header Files</Filter>
    </ClInclude>
    <ClInclude Include="core\command\delete_link_command.h">
      <Filter>Header Files</Filter>
    </ClInclude>
    <ClInclude Include="core\command\delete_node_command.h">
      <Filter>Header Files</Filter>
    </ClInclude>
    <ClInclude Include="core\command\edit_node_command.h">
      <Filter>Header Files</Filter>
    </ClInclude>
    <ClInclude Include="core\command\move_node_command.h">
      <Filter>Header Files</Filter>
    </ClInclude>
    <ClInclude Include="core\command\undo_manager.h">
      <Filter>Header Files</Filter>
    </ClInclude>
    <ClInclude Include="core\serialization\enum_serialization.h">
      <Filter>Header Files</Filter>
    </ClInclude>
    <ClInclude Include="core\serialization\war_room_model_serialization.h">
      <Filter>Header Files</Filter>
    </ClInclude>
    <ClInclude Include="core\warroom\scout_action.h">
      <Filter>Header Files</Filter>
    </ClInclude>
    <ClInclude Include="core\warroom\war_link.h">
      <Filter>Header Files</Filter>
    </ClInclude>
    <ClInclude Include="core\warroom\war_node.h">
      <Filter>Header Files</Filter>
    </ClInclude>
    <ClInclude Include="core\warroom\war_room_model.h">
      <Filter>Header Files</Filter>
    </ClInclude>
    <ClInclude Include="core\warroom\war_zone.h">
      <Filter>Header Files</Filter>
    </ClInclude>
    <ClInclude Include="core\warroom\warroom_types.h">
      <Filter>Header Files</Filter>
    </ClInclude>
    <ClInclude Include="nlohmann\json.hpp">
      <Filter>Header Files</Filter>
    </ClInclude>
    <ClInclude Include="nlohmann\json_fwd.hpp">
      <Filter>Header Files</Filter>
    </ClInclude>
    <ClInclude Include="core\command\resize_node_command.h">
      <Filter>Header Files</Filter>
    </ClInclude>
    <ClInclude Include="ui\WindowHelper.h">
      <Filter>Header Files</Filter>
    </ClInclude>
    <ClInclude Include="ui\ConnectionAnchor.h">
      <Filter>Header Files</Filter>
    </ClInclude>
    <ClInclude Include="mod\NodeMod.h">
      <Filter>Header Files</Filter>
    </ClInclude>
    <ClInclude Include="mod\ModManager.h">
      <Filter>Header Files</Filter>
    </ClInclude>
    <ClInclude Include="mod\builtin\BuiltinMods.h">
      <Filter>Header Files</Filter>
    </ClInclude>
    <ClInclude Include="mod\builtin\ImageMod.h">
      <Filter>Header Files</Filter>
    </ClInclude>
    <ClInclude Include="mod\builtin\VideoMod.h">
      <Filter>Header Files</Filter>
    </ClInclude>
  </ItemGroup>
  <ItemGroup>
    <QtMoc Include="ui\warroomview.h">
      <Filter>Header Files</Filter>
    </QtMoc>
    <QtMoc Include="ui\WarRoomMainWindow.h">
      <Filter>Header Files</Filter>
    </QtMoc>
    <QtMoc Include="ui\NodeGraphicsItem.h">
      <Filter>Header Files</Filter>
    </QtMoc>
    <QtMoc Include="ui\LinkGraphicsItem.h">
      <Filter>Header Files</Filter>
    </QtMoc>
    <QtMoc Include="ui\TempConnectionItem.h">
      <Filter>Header Files</Filter>
    </QtMoc>
    <QtMoc Include="ui\LinkCreationManager.h">
      <Filter>Header Files</Filter>
    </QtMoc>
    <QtMoc Include="ui\CustomTextEdit.h">
      <Filter>Header Files</Filter>
    </QtMoc>
    <QtMoc Include="ui\CustomSidebar.h">
      <Filter>Header Files</Filter>
    </QtMoc>
    <QtMoc Include="ui\CustomTitleBar.h">
      <Filter>Header Files</Filter>
    </QtMoc>
  </ItemGroup>
</Project>